Microsoft Visual Studio Solution File, Format Version 12.00
# Visual Studio Version 17
VisualStudioVersion = 17.5.2.0
MinimumVisualStudioVersion = 10.0.40219.1
Project("{FAE04EC0-301F-11D3-BF4B-00C04F79EFBC}") = "Schefflera.Tests", "Schefflera.Tests.csproj", "{438A17EB-EDA8-39EF-9260-ECFA8D77CC58}"
EndProject
Global
	GlobalSection(SolutionConfigurationPlatforms) = preSolution
		Debug|Any CPU = Debug|Any CPU
		Release|Any CPU = Release|Any CPU
	EndGlobalSection
	GlobalSection(ProjectConfigurationPlatforms) = postSolution
		{438A17EB-EDA8-39EF-9260-ECFA8D77CC58}.Debug|Any CPU.ActiveCfg = Debug|Any CPU
		{438A17EB-EDA8-39EF-9260-ECFA8D77CC58}.Debug|Any CPU.Build.0 = Debug|Any CPU
		{438A17EB-EDA8-39EF-9260-ECFA8D77CC58}.Release|Any CPU.ActiveCfg = Release|Any CPU
		{438A17EB-EDA8-39EF-9260-ECFA8D77CC58}.Release|Any CPU.Build.0 = Release|Any CPU
	EndGlobalSection
	GlobalSection(SolutionProperties) = preSolution
		HideSolutionNode = FALSE
	EndGlobalSection
	GlobalSection(ExtensibilityGlobals) = postSolution
		SolutionGuid = {B586D55E-80D9-4FDE-8063-9325E21B5231}
	EndGlobalSection
EndGlobal
